
Microsoft Visual Studio Solution File, Format Version 12.00
# Visual Studio Version 16
VisualStudioVersion = 16.0.30709.132
MinimumVisualStudioVersion = 10.0.40219.1
Project("{9A19103F-16F7-4668-BE54-9A1E7A4F7556}") = "deniszykov.TypeConversion", "deniszykov.TypeConversion\deniszykov.TypeConversion.csproj", "{B35388A6-45FB-4B28-AA6A-742BEE2D7FE1}"
EndProject
Project("{9A19103F-16F7-4668-BE54-9A1E7A4F7556}") = "deniszykov.TypeConversion.Tests", "deniszykov.TypeConversion.Tests\deniszykov.TypeConversion.Tests.csproj", "{50256EB8-4039-4C45-963F-3849A7B59122}"
EndProject
Project("{2150E333-8FDC-42A3-9474-1A3956D46DE8}") = "Solution Items", "Solution Items", "{6CE55E09-61D3-4DAA-BCC6-A2CF3A8E8E22}"
	ProjectSection(SolutionItems) = preProject
		Directory.Build.props = Directory.Build.props
		sign.snk = sign.snk
	EndProjectSection
EndProject
Project("{2150E333-8FDC-42A3-9474-1A3956D46DE8}") = "Tests", "Tests", "{A1673162-1B35-4873-873C-D27F2C329155}"
EndProject
Global
	GlobalSection(SolutionConfigurationPlatforms) = preSolution
		Debug|Any CPU = Debug|Any CPU
		Release|Any CPU = Release|Any CPU
	EndGlobalSection
	GlobalSection(ProjectConfigurationPlatforms) = postSolution
		{B35388A6-45FB-4B28-AA6A-742BEE2D7FE1}.Debug|Any CPU.ActiveCfg = Debug|Any CPU
		{B35388A6-45FB-4B28-AA6A-742BEE2D7FE1}.Debug|Any CPU.Build.0 = Debug|Any CPU
		{B35388A6-45FB-4B28-AA6A-742BEE2D7FE1}.Release|Any CPU.ActiveCfg = Release|Any CPU
		{B35388A6-45FB-4B28-AA6A-742BEE2D7FE1}.Release|Any CPU.Build.0 = Release|Any CPU
		{50256EB8-4039-4C45-963F-3849A7B59122}.Debug|Any CPU.ActiveCfg = Debug|Any CPU
		{50256EB8-4039-4C45-963F-3849A7B59122}.Debug|Any CPU.Build.0 = Debug|Any CPU
		{50256EB8-4039-4C45-963F-3849A7B59122}.Release|Any CPU.ActiveCfg = Release|Any CPU
		{50256EB8-4039-4C45-963F-3849A7B59122}.Release|Any CPU.Build.0 = Release|Any CPU
	EndGlobalSection
	GlobalSection(SolutionProperties) = preSolution
		HideSolutionNode = FALSE
	EndGlobalSection
	GlobalSection(NestedProjects) = preSolution
		{50256EB8-4039-4C45-963F-3849A7B59122} = {A1673162-1B35-4873-873C-D27F2C329155}
	EndGlobalSection
	GlobalSection(ExtensibilityGlobals) = postSolution
		SolutionGuid = {DEFFA27C-3103-443E-8642-AD820B39C104}
	EndGlobalSection
EndGlobal
